
Microsoft Visual Studio Solution File, Format Version 12.00
Project("{2150E333-8FDC-42A3-9474-1A3956D46DE8}") = "src", "src", "{E9C722F9-2B1A-4ED0-8E2C-722A9224410D}"
EndProject
Project("{FAE04EC0-301F-11D3-BF4B-00C04F79EFBC}") = "Belix.UI", "src\Belix.UI\Belix.UI.csproj", "{84B7D433-B783-4F85-BDCE-599E282C9161}"
EndProject
Global
	GlobalSection(SolutionConfigurationPlatforms) = preSolution
		Debug|Any CPU = Debug|Any CPU
		Release|Any CPU = Release|Any CPU
	EndGlobalSection
	GlobalSection(NestedProjects) = preSolution
		{84B7D433-B783-4F85-BDCE-599E282C9161} = {E9C722F9-2B1A-4ED0-8E2C-722A9224410D}
	EndGlobalSection
	GlobalSection(ProjectConfigurationPlatforms) = postSolution
		{84B7D433-B783-4F85-BDCE-599E282C9161}.Debug|Any CPU.ActiveCfg = Debug|Any CPU
		{84B7D433-B783-4F85-BDCE-599E282C9161}.Debug|Any CPU.Build.0 = Debug|Any CPU
		{84B7D433-B783-4F85-BDCE-599E282C9161}.Release|Any CPU.ActiveCfg = Release|Any CPU
		{84B7D433-B783-4F85-BDCE-599E282C9161}.Release|Any CPU.Build.0 = Release|Any CPU
	EndGlobalSection
EndGlobal
